
Microsoft Visual Studio Solution File, Format Version 12.00
# Visual Studio Version 17
VisualStudioVersion = 17.4.33110.190
MinimumVisualStudioVersion = 10.0.40219.1
Project("{FAE04EC0-301F-11D3-BF4B-00C04F79EFBC}") = "BackEnd.API", "BackEnd.API.csproj", "{7D8D8F20-AB2A-42FC-BB4F-522E48A47122}"
EndProject
Project("{9A19103F-16F7-4668-BE54-9A1E7A4F7556}") = "BackEnd.Core", "..\BackEnd.Core\BackEnd.Core.csproj", "{D8ED516F-AC86-4B12-88D1-CFEE4EAFFA95}"
EndProject
Project("{9A19103F-16F7-4668-BE54-9A1E7A4F7556}") = "BackEnd.Infrastructure", "..\BackEnd.Infrastructure\BackEnd.Infrastructure.csproj", "{5677DBF7-3EF3-48E8-B590-40F77A53576B}"
EndProject
Global
	GlobalSection(SolutionConfigurationPlatforms) = preSolution
		Debug|Any CPU = Debug|Any CPU
		Release|Any CPU = Release|Any CPU
	EndGlobalSection
	GlobalSection(ProjectConfigurationPlatforms) = postSolution
		{7D8D8F20-AB2A-42FC-BB4F-522E48A47122}.Debug|Any CPU.ActiveCfg = Debug|Any CPU
		{7D8D8F20-AB2A-42FC-BB4F-522E48A47122}.Debug|Any CPU.Build.0 = Debug|Any CPU
		{7D8D8F20-AB2A-42FC-BB4F-522E48A47122}.Release|Any CPU.ActiveCfg = Release|Any CPU
		{7D8D8F20-AB2A-42FC-BB4F-522E48A47122}.Release|Any CPU.Build.0 = Release|Any CPU
		{D8ED516F-AC86-4B12-88D1-CFEE4EAFFA95}.Debug|Any CPU.ActiveCfg = Debug|Any CPU
		{D8ED516F-AC86-4B12-88D1-CFEE4EAFFA95}.Debug|Any CPU.Build.0 = Debug|Any CPU
		{D8ED516F-AC86-4B12-88D1-CFEE4EAFFA95}.Release|Any CPU.ActiveCfg = Release|Any CPU
		{D8ED516F-AC86-4B12-88D1-CFEE4EAFFA95}.Release|Any CPU.Build.0 = Release|Any CPU
		{5677DBF7-3EF3-48E8-B590-40F77A53576B}.Debug|Any CPU.ActiveCfg = Debug|Any CPU
		{5677DBF7-3EF3-48E8-B590-40F77A53576B}.Debug|Any CPU.Build.0 = Debug|Any CPU
		{5677DBF7-3EF3-48E8-B590-40F77A53576B}.Release|Any CPU.ActiveCfg = Release|Any CPU
		{5677DBF7-3EF3-48E8-B590-40F77A53576B}.Release|Any CPU.Build.0 = Release|Any CPU
	EndGlobalSection
	GlobalSection(SolutionProperties) = preSolution
		HideSolutionNode = FALSE
	EndGlobalSection
	GlobalSection(ExtensibilityGlobals) = postSolution
		SolutionGuid = {8D989D8D-DC22-4D20-A808-02877D20A522}
	EndGlobalSection
EndGlobal
